<Solution>
  <Folder Name="/src/">
    <File Path="README.md" />
    <Project Path="src/Firmeza.AdminWeb/Firmeza.AdminWeb.csproj" />
    <Project Path="src/Firmeza.Core/Firmeza.Core.csproj" />
    <Project Path="src/Firmeza.Infrastructure/Firmeza.Infrastructure.csproj" />
  </Folder>
  <Folder Name="/tests/">
    <Project Path="tests/Firmeza.Tests/Firmeza.Tests.csproj" />
  </Folder>
</Solution>
